<Solution>
  <Project Path="Balenthiran.Abstractions/Balenthiran.Abstractions.csproj" />
  <Project Path="Balenthiran.WebApi/Balenthiran.WebApi.csproj" />
  <Project Path="Balenthiran.DataModels/Balenthiran.DataModels.csproj" />
  <Project Path="Balenthiran.Database/Balenthiran.Database.csproj" />
  <Project Path="Balenthiran.DomainModels/Balenthiran.DomainModels.csproj" />
  <Project Path="Balenthiran.EntityModels/Balenthiran.EntityModels.csproj" />
  <Project Path="Balenthiran.Services/Balenthiran.Services.csproj" />
  <Project Path="Balenthiran.Tests/Balenthiran.Tests.csproj" />
</Solution>
